
Microsoft Visual Studio Solution File, Format Version 12.00
Project("{FAE04EC0-301F-11D3-BF4B-00C04F79EFBC}") = "UserService", "UserService\UserService.csproj", "{FF969B51-5018-4779-957D-837E8FB9BA56}"
EndProject
Global
	GlobalSection(SolutionConfigurationPlatforms) = preSolution
		Debug|Any CPU = Debug|Any CPU
		Release|Any CPU = Release|Any CPU
	EndGlobalSection
	GlobalSection(ProjectConfigurationPlatforms) = postSolution
		{FF969B51-5018-4779-957D-837E8FB9BA56}.Debug|Any CPU.ActiveCfg = Debug|Any CPU
		{FF969B51-5018-4779-957D-837E8FB9BA56}.Debug|Any CPU.Build.0 = Debug|Any CPU
		{FF969B51-5018-4779-957D-837E8FB9BA56}.Release|Any CPU.ActiveCfg = Release|Any CPU
		{FF969B51-5018-4779-957D-837E8FB9BA56}.Release|Any CPU.Build.0 = Release|Any CPU
	EndGlobalSection
EndGlobal
